
Microsoft Visual Studio Solution File, Format Version 12.00
# Visual Studio Version 17
VisualStudioVersion = 17.1.32414.318
MinimumVisualStudioVersion = 10.0.40219.1
Project("{FAE04EC0-301F-11D3-BF4B-00C04F79EFBC}") = "WebApp.UITests", "WebApp.UITests.csproj", "{478AC8EF-96B1-48F5-837C-4FA3938BC0C5}"
EndProject
Global
	GlobalSection(SolutionConfigurationPlatforms) = preSolution
		Debug|Any CPU = Debug|Any CPU
		Release|Any CPU = Release|Any CPU
	EndGlobalSection
	GlobalSection(ProjectConfigurationPlatforms) = postSolution
		{478AC8EF-96B1-48F5-837C-4FA3938BC0C5}.Debug|Any CPU.ActiveCfg = Debug|Any CPU
		{478AC8EF-96B1-48F5-837C-4FA3938BC0C5}.Debug|Any CPU.Build.0 = Debug|Any CPU
		{478AC8EF-96B1-48F5-837C-4FA3938BC0C5}.Release|Any CPU.ActiveCfg = Release|Any CPU
		{478AC8EF-96B1-48F5-837C-4FA3938BC0C5}.Release|Any CPU.Build.0 = Release|Any CPU
	EndGlobalSection
	GlobalSection(SolutionProperties) = preSolution
		HideSolutionNode = FALSE
	EndGlobalSection
	GlobalSection(ExtensibilityGlobals) = postSolution
		SolutionGuid = {6EC7B2CB-01EF-4DAE-8BA9-31AA8ED8A16A}
	EndGlobalSection
EndGlobal
